
Microsoft Visual Studio Solution File, Format Version 12.00
# Visual Studio 2013
VisualStudioVersion = 12.0.31101.0
MinimumVisualStudioVersion = 10.0.40219.1
Project("{FAE04EC0-301F-11D3-BF4B-00C04F79EFBC}") = "CodeChallenge1", "CodeChallenge1.csproj", "{4C35B21F-F166-45FE-B748-4F29C74B498A}"
EndProject
Project("{FAE04EC0-301F-11D3-BF4B-00C04F79EFBC}") = "CodeChallengeTest", "CodeChallengeTest\CodeChallengeTest.csproj", "{1E8EF796-9D14-47C7-8725-9BC938D82655}"
EndProject
Project("{FAE04EC0-301F-11D3-BF4B-00C04F79EFBC}") = "BattleshipAi", "BattleshipAi\BattleshipAi.csproj", "{A4721C78-B456-4BEA-9749-D107ECA98271}"
EndProject
Project("{FAE04EC0-301F-11D3-BF4B-00C04F79EFBC}") = "BattleshipAi2", "BattleshipAi2\BattleshipAi2.csproj", "{91E8B1A4-BFB1-4BB3-A1F6-738BE684248A}"
EndProject
Project("{FAE04EC0-301F-11D3-BF4B-00C04F79EFBC}") = "BattleshipWebDisplay", "BattleshipWebDisplay\BattleshipWebDisplay.csproj", "{8E070900-D875-48C1-AD5A-88F1D1C4C4B1}"
EndProject
Project("{FAE04EC0-301F-11D3-BF4B-00C04F79EFBC}") = "BattlefieldConsole", "BattlefieldConsole\BattlefieldConsole.csproj", "{95826588-EF52-4FE0-8DB3-304EDFA03F3F}"
EndProject
Project("{FAE04EC0-301F-11D3-BF4B-00C04F79EFBC}") = "EnterGame", "EnterGame\EnterGame.csproj", "{1C8D7048-7A6F-476A-98CD-48D1C24FD47F}"
EndProject
Project("{FAE04EC0-301F-11D3-BF4B-00C04F79EFBC}") = "BattleshipChecker", "BattleshipChecker\BattleshipChecker.csproj", "{4FF5ACEA-198C-4C65-B70A-E46590E1C493}"
EndProject
Project("{FAE04EC0-301F-11D3-BF4B-00C04F79EFBC}") = "SampleDllAi1", "SampleDllAi1\SampleDllAi1.csproj", "{36373A4E-9B5B-4C99-BB2B-490CC724B7E6}"
EndProject
Global
	GlobalSection(SolutionConfigurationPlatforms) = preSolution
		Debug|Any CPU = Debug|Any CPU
		Release|Any CPU = Release|Any CPU
	EndGlobalSection
	GlobalSection(ProjectConfigurationPlatforms) = postSolution
		{4C35B21F-F166-45FE-B748-4F29C74B498A}.Debug|Any CPU.ActiveCfg = Debug|Any CPU
		{4C35B21F-F166-45FE-B748-4F29C74B498A}.Debug|Any CPU.Build.0 = Debug|Any CPU
		{4C35B21F-F166-45FE-B748-4F29C74B498A}.Release|Any CPU.ActiveCfg = Release|Any CPU
		{4C35B21F-F166-45FE-B748-4F29C74B498A}.Release|Any CPU.Build.0 = Release|Any CPU
		{1E8EF796-9D14-47C7-8725-9BC938D82655}.Debug|Any CPU.ActiveCfg = Debug|Any CPU
		{1E8EF796-9D14-47C7-8725-9BC938D82655}.Debug|Any CPU.Build.0 = Debug|Any CPU
		{1E8EF796-9D14-47C7-8725-9BC938D82655}.Release|Any CPU.ActiveCfg = Release|Any CPU
		{1E8EF796-9D14-47C7-8725-9BC938D82655}.Release|Any CPU.Build.0 = Release|Any CPU
		{A4721C78-B456-4BEA-9749-D107ECA98271}.Debug|Any CPU.ActiveCfg = Debug|Any CPU
		{A4721C78-B456-4BEA-9749-D107ECA98271}.Debug|Any CPU.Build.0 = Debug|Any CPU
		{A4721C78-B456-4BEA-9749-D107ECA98271}.Release|Any CPU.ActiveCfg = Release|Any CPU
		{A4721C78-B456-4BEA-9749-D107ECA98271}.Release|Any CPU.Build.0 = Release|Any CPU
		{91E8B1A4-BFB1-4BB3-A1F6-738BE684248A}.Debug|Any CPU.ActiveCfg = Debug|Any CPU
		{91E8B1A4-BFB1-4BB3-A1F6-738BE684248A}.Debug|Any CPU.Build.0 = Debug|Any CPU
		{91E8B1A4-BFB1-4BB3-A1F6-738BE684248A}.Release|Any CPU.ActiveCfg = Release|Any CPU
		{91E8B1A4-BFB1-4BB3-A1F6-738BE684248A}.Release|Any CPU.Build.0 = Release|Any CPU
		{8E070900-D875-48C1-AD5A-88F1D1C4C4B1}.Debug|Any CPU.ActiveCfg = Debug|Any CPU
		{8E070900-D875-48C1-AD5A-88F1D1C4C4B1}.Debug|Any CPU.Build.0 = Debug|Any CPU
		{8E070900-D875-48C1-AD5A-88F1D1C4C4B1}.Release|Any CPU.ActiveCfg = Release|Any CPU
		{8E070900-D875-48C1-AD5A-88F1D1C4C4B1}.Release|Any CPU.Build.0 = Release|Any CPU
		{95826588-EF52-4FE0-8DB3-304EDFA03F3F}.Debug|Any CPU.ActiveCfg = Debug|Any CPU
		{95826588-EF52-4FE0-8DB3-304EDFA03F3F}.Debug|Any CPU.Build.0 = Debug|Any CPU
		{95826588-EF52-4FE0-8DB3-304EDFA03F3F}.Release|Any CPU.ActiveCfg = Release|Any CPU
		{95826588-EF52-4FE0-8DB3-304EDFA03F3F}.Release|Any CPU.Build.0 = Release|Any CPU
		{1C8D7048-7A6F-476A-98CD-48D1C24FD47F}.Debug|Any CPU.ActiveCfg = Debug|Any CPU
		{1C8D7048-7A6F-476A-98CD-48D1C24FD47F}.Debug|Any CPU.Build.0 = Debug|Any CPU
		{1C8D7048-7A6F-476A-98CD-48D1C24FD47F}.Release|Any CPU.ActiveCfg = Release|Any CPU
		{1C8D7048-7A6F-476A-98CD-48D1C24FD47F}.Release|Any CPU.Build.0 = Release|Any CPU
		{4FF5ACEA-198C-4C65-B70A-E46590E1C493}.Debug|Any CPU.ActiveCfg = Debug|Any CPU
		{4FF5ACEA-198C-4C65-B70A-E46590E1C493}.Debug|Any CPU.Build.0 = Debug|Any CPU
		{4FF5ACEA-198C-4C65-B70A-E46590E1C493}.Release|Any CPU.ActiveCfg = Release|Any CPU
		{4FF5ACEA-198C-4C65-B70A-E46590E1C493}.Release|Any CPU.Build.0 = Release|Any CPU
		{36373A4E-9B5B-4C99-BB2B-490CC724B7E6}.Debug|Any CPU.ActiveCfg = Debug|Any CPU
		{36373A4E-9B5B-4C99-BB2B-490CC724B7E6}.Debug|Any CPU.Build.0 = Debug|Any CPU
		{36373A4E-9B5B-4C99-BB2B-490CC724B7E6}.Release|Any CPU.ActiveCfg = Release|Any CPU
		{36373A4E-9B5B-4C99-BB2B-490CC724B7E6}.Release|Any CPU.Build.0 = Release|Any CPU
	EndGlobalSection
	GlobalSection(SolutionProperties) = preSolution
		HideSolutionNode = FALSE
	EndGlobalSection
EndGlobal
