
Microsoft Visual Studio Solution File, Format Version 12.00
# Visual Studio 2013
VisualStudioVersion = 12.0.31101.0
MinimumVisualStudioVersion = 10.0.40219.1
Project("{FAE04EC0-301F-11D3-BF4B-00C04F79EFBC}") = "CodeChallenge1", "CodeChallenge1.csproj", "{4C35B21F-F166-45FE-B748-4F29C74B498A}"
EndProject
Project("{FAE04EC0-301F-11D3-BF4B-00C04F79EFBC}") = "CodeChallengeTest", "CodeChallengeTest\CodeChallengeTest.csproj", "{1E8EF796-9D14-47C7-8725-9BC938D82655}"
EndProject
Global
	GlobalSection(SolutionConfigurationPlatforms) = preSolution
		Debug|Any CPU = Debug|Any CPU
		Release|Any CPU = Release|Any CPU
	EndGlobalSection
	GlobalSection(ProjectConfigurationPlatforms) = postSolution
		{4C35B21F-F166-45FE-B748-4F29C74B498A}.Debug|Any CPU.ActiveCfg = Debug|Any CPU
		{4C35B21F-F166-45FE-B748-4F29C74B498A}.Debug|Any CPU.Build.0 = Debug|Any CPU
		{4C35B21F-F166-45FE-B748-4F29C74B498A}.Release|Any CPU.ActiveCfg = Release|Any CPU
		{4C35B21F-F166-45FE-B748-4F29C74B498A}.Release|Any CPU.Build.0 = Release|Any CPU
		{1E8EF796-9D14-47C7-8725-9BC938D82655}.Debug|Any CPU.ActiveCfg = Debug|Any CPU
		{1E8EF796-9D14-47C7-8725-9BC938D82655}.Debug|Any CPU.Build.0 = Debug|Any CPU
		{1E8EF796-9D14-47C7-8725-9BC938D82655}.Release|Any CPU.ActiveCfg = Release|Any CPU
		{1E8EF796-9D14-47C7-8725-9BC938D82655}.Release|Any CPU.Build.0 = Release|Any CPU
	EndGlobalSection
	GlobalSection(SolutionProperties) = preSolution
		HideSolutionNode = FALSE
	EndGlobalSection
EndGlobal
